
Microsoft Visual Studio Solution File, Format Version 12.00
# Visual Studio Version 16
VisualStudioVersion = 16.0.30607.51
MinimumVisualStudioVersion = 10.0.40219.1
Project("{2150E333-8FDC-42A3-9474-1A3956D46DE8}") = "Communication", "Communication", "{86A5A089-8CDB-4733-8F80-01DF71AE9C7A}"
EndProject
Project("{2150E333-8FDC-42A3-9474-1A3956D46DE8}") = "TCP", "TCP", "{0927222C-F891-4924-A723-615EF2C71CF2}"
EndProject
Project("{2150E333-8FDC-42A3-9474-1A3956D46DE8}") = "UDP", "UDP", "{CEE6B673-2228-43F1-AF4A-593D5C42DF9C}"
EndProject
Project("{9A19103F-16F7-4668-BE54-9A1E7A4F7556}") = "UDPClient", "Communication\UDP\UDPClient\UDPClient.csproj", "{7924E218-E03A-4647-B73A-0E85790A36F7}"
EndProject
Project("{9A19103F-16F7-4668-BE54-9A1E7A4F7556}") = "UDPServer", "Communication\UDP\UDPServer\UDPServer.csproj", "{69499E3C-7C8E-42C5-866C-3492C2CAEABA}"
EndProject
Project("{9A19103F-16F7-4668-BE54-9A1E7A4F7556}") = "TCPConnector", "Communication\TCP\TCPConnector\TCPConnector.csproj", "{2694ACBA-FEFF-4AB7-A8B2-5D04BA007AEB}"
EndProject
Project("{9A19103F-16F7-4668-BE54-9A1E7A4F7556}") = "TCPClientTest", "Communication\TCP\TCPClientTest\TCPClientTest.csproj", "{6215B756-E9D5-43D3-B607-F4ADDEF66785}"
EndProject
Project("{9A19103F-16F7-4668-BE54-9A1E7A4F7556}") = "TCPServerTest", "Communication\TCP\TCPServerTest\TCPServerTest.csproj", "{B3D64B42-FF43-4C49-93D1-BF3E8EE3A957}"
EndProject
Project("{9A19103F-16F7-4668-BE54-9A1E7A4F7556}") = "BitcoinExplorer.CLI", "BitcoinExplorer.CLI\BitcoinExplorer.CLI.csproj", "{94BE111A-4B53-4C70-874B-302A5F5EBBD5}"
EndProject
Project("{FAE04EC0-301F-11D3-BF4B-00C04F79EFBC}") = "BitcoinExplorer.Core", "BitcoinExplorer.Core\BitcoinExplorer.Core.csproj", "{A33C1947-741D-417F-8179-3DE4D8F20D15}"
EndProject
Global
	GlobalSection(SolutionConfigurationPlatforms) = preSolution
		Debug|Any CPU = Debug|Any CPU
		Release|Any CPU = Release|Any CPU
	EndGlobalSection
	GlobalSection(ProjectConfigurationPlatforms) = postSolution
		{7924E218-E03A-4647-B73A-0E85790A36F7}.Debug|Any CPU.ActiveCfg = Debug|Any CPU
		{7924E218-E03A-4647-B73A-0E85790A36F7}.Debug|Any CPU.Build.0 = Debug|Any CPU
		{7924E218-E03A-4647-B73A-0E85790A36F7}.Release|Any CPU.ActiveCfg = Release|Any CPU
		{7924E218-E03A-4647-B73A-0E85790A36F7}.Release|Any CPU.Build.0 = Release|Any CPU
		{69499E3C-7C8E-42C5-866C-3492C2CAEABA}.Debug|Any CPU.ActiveCfg = Debug|Any CPU
		{69499E3C-7C8E-42C5-866C-3492C2CAEABA}.Debug|Any CPU.Build.0 = Debug|Any CPU
		{69499E3C-7C8E-42C5-866C-3492C2CAEABA}.Release|Any CPU.ActiveCfg = Release|Any CPU
		{69499E3C-7C8E-42C5-866C-3492C2CAEABA}.Release|Any CPU.Build.0 = Release|Any CPU
		{2694ACBA-FEFF-4AB7-A8B2-5D04BA007AEB}.Debug|Any CPU.ActiveCfg = Debug|Any CPU
		{2694ACBA-FEFF-4AB7-A8B2-5D04BA007AEB}.Debug|Any CPU.Build.0 = Debug|Any CPU
		{2694ACBA-FEFF-4AB7-A8B2-5D04BA007AEB}.Release|Any CPU.ActiveCfg = Release|Any CPU
		{2694ACBA-FEFF-4AB7-A8B2-5D04BA007AEB}.Release|Any CPU.Build.0 = Release|Any CPU
		{6215B756-E9D5-43D3-B607-F4ADDEF66785}.Debug|Any CPU.ActiveCfg = Debug|Any CPU
		{6215B756-E9D5-43D3-B607-F4ADDEF66785}.Debug|Any CPU.Build.0 = Debug|Any CPU
		{6215B756-E9D5-43D3-B607-F4ADDEF66785}.Release|Any CPU.ActiveCfg = Release|Any CPU
		{6215B756-E9D5-43D3-B607-F4ADDEF66785}.Release|Any CPU.Build.0 = Release|Any CPU
		{B3D64B42-FF43-4C49-93D1-BF3E8EE3A957}.Debug|Any CPU.ActiveCfg = Debug|Any CPU
		{B3D64B42-FF43-4C49-93D1-BF3E8EE3A957}.Debug|Any CPU.Build.0 = Debug|Any CPU
		{B3D64B42-FF43-4C49-93D1-BF3E8EE3A957}.Release|Any CPU.ActiveCfg = Release|Any CPU
		{B3D64B42-FF43-4C49-93D1-BF3E8EE3A957}.Release|Any CPU.Build.0 = Release|Any CPU
		{94BE111A-4B53-4C70-874B-302A5F5EBBD5}.Debug|Any CPU.ActiveCfg = Debug|Any CPU
		{94BE111A-4B53-4C70-874B-302A5F5EBBD5}.Debug|Any CPU.Build.0 = Debug|Any CPU
		{94BE111A-4B53-4C70-874B-302A5F5EBBD5}.Release|Any CPU.ActiveCfg = Release|Any CPU
		{94BE111A-4B53-4C70-874B-302A5F5EBBD5}.Release|Any CPU.Build.0 = Release|Any CPU
		{A33C1947-741D-417F-8179-3DE4D8F20D15}.Debug|Any CPU.ActiveCfg = Debug|Any CPU
		{A33C1947-741D-417F-8179-3DE4D8F20D15}.Debug|Any CPU.Build.0 = Debug|Any CPU
		{A33C1947-741D-417F-8179-3DE4D8F20D15}.Release|Any CPU.ActiveCfg = Release|Any CPU
		{A33C1947-741D-417F-8179-3DE4D8F20D15}.Release|Any CPU.Build.0 = Release|Any CPU
	EndGlobalSection
	GlobalSection(SolutionProperties) = preSolution
		HideSolutionNode = FALSE
	EndGlobalSection
	GlobalSection(NestedProjects) = preSolution
		{0927222C-F891-4924-A723-615EF2C71CF2} = {86A5A089-8CDB-4733-8F80-01DF71AE9C7A}
		{CEE6B673-2228-43F1-AF4A-593D5C42DF9C} = {86A5A089-8CDB-4733-8F80-01DF71AE9C7A}
		{7924E218-E03A-4647-B73A-0E85790A36F7} = {CEE6B673-2228-43F1-AF4A-593D5C42DF9C}
		{69499E3C-7C8E-42C5-866C-3492C2CAEABA} = {CEE6B673-2228-43F1-AF4A-593D5C42DF9C}
		{2694ACBA-FEFF-4AB7-A8B2-5D04BA007AEB} = {0927222C-F891-4924-A723-615EF2C71CF2}
		{6215B756-E9D5-43D3-B607-F4ADDEF66785} = {0927222C-F891-4924-A723-615EF2C71CF2}
		{B3D64B42-FF43-4C49-93D1-BF3E8EE3A957} = {0927222C-F891-4924-A723-615EF2C71CF2}
	EndGlobalSection
	GlobalSection(ExtensibilityGlobals) = postSolution
		SolutionGuid = {EDEE064A-8362-4EAA-98D0-AD21E1D01D1E}
	EndGlobalSection
EndGlobal
